Microsoft Visual Studio Solution File, Format Version 12.00
# Visual Studio Version 16
VisualStudioVersion = 16.0.0.0
MinimumVisualStudioVersion = 16.0.0.0
Project("{9A19103F-16F7-4668-BE54-9A1E7A4F7556}") = "TaskManager.Server", "Server\TaskManager.Server.csproj", "{437541BD-F057-406A-8DAB-DB78849BF88C}"
EndProject
Project("{9A19103F-16F7-4668-BE54-9A1E7A4F7556}") = "TaskManager.Client", "Client\TaskManager.Client.csproj", "{2DC21D0E-C1BA-4B2D-AFC0-FC6D72A3B649}"
EndProject
Project("{9A19103F-16F7-4668-BE54-9A1E7A4F7556}") = "TaskManager.Shared", "Shared\TaskManager.Shared.csproj", "{953C64F4-B4A6-458E-8691-8C95CCA26752}"
EndProject
Global
	GlobalSection(SolutionConfigurationPlatforms) = preSolution
		Debug|Any CPU = Debug|Any CPU
		Debug|x64 = Debug|x64
		Debug|x86 = Debug|x86
		Release|Any CPU = Release|Any CPU
		Release|x64 = Release|x64
		Release|x86 = Release|x86
	EndGlobalSection
	GlobalSection(ProjectConfigurationPlatforms) = postSolution
		{2DC21D0E-C1BA-4B2D-AFC0-FC6D72A3B649}.Debug|Any CPU.ActiveCfg = Debug|Any CPU
		{2DC21D0E-C1BA-4B2D-AFC0-FC6D72A3B649}.Debug|Any CPU.Build.0 = Debug|Any CPU
		{2DC21D0E-C1BA-4B2D-AFC0-FC6D72A3B649}.Debug|x64.ActiveCfg = Debug|Any CPU
		{2DC21D0E-C1BA-4B2D-AFC0-FC6D72A3B649}.Debug|x64.Build.0 = Debug|Any CPU
		{2DC21D0E-C1BA-4B2D-AFC0-FC6D72A3B649}.Debug|x86.ActiveCfg = Debug|Any CPU
		{2DC21D0E-C1BA-4B2D-AFC0-FC6D72A3B649}.Debug|x86.Build.0 = Debug|Any CPU
		{2DC21D0E-C1BA-4B2D-AFC0-FC6D72A3B649}.Release|Any CPU.ActiveCfg = Release|Any CPU
		{2DC21D0E-C1BA-4B2D-AFC0-FC6D72A3B649}.Release|Any CPU.Build.0 = Release|Any CPU
		{2DC21D0E-C1BA-4B2D-AFC0-FC6D72A3B649}.Release|x64.ActiveCfg = Release|Any CPU
		{2DC21D0E-C1BA-4B2D-AFC0-FC6D72A3B649}.Release|x64.Build.0 = Release|Any CPU
		{2DC21D0E-C1BA-4B2D-AFC0-FC6D72A3B649}.Release|x86.ActiveCfg = Release|Any CPU
		{2DC21D0E-C1BA-4B2D-AFC0-FC6D72A3B649}.Release|x86.Build.0 = Release|Any CPU
		{437541BD-F057-406A-8DAB-DB78849BF88C}.Debug|Any CPU.ActiveCfg = Debug|Any CPU
		{437541BD-F057-406A-8DAB-DB78849BF88C}.Debug|Any CPU.Build.0 = Debug|Any CPU
		{437541BD-F057-406A-8DAB-DB78849BF88C}.Debug|x64.ActiveCfg = Debug|Any CPU
		{437541BD-F057-406A-8DAB-DB78849BF88C}.Debug|x64.Build.0 = Debug|Any CPU
		{437541BD-F057-406A-8DAB-DB78849BF88C}.Debug|x86.ActiveCfg = Debug|Any CPU
		{437541BD-F057-406A-8DAB-DB78849BF88C}.Debug|x86.Build.0 = Debug|Any CPU
		{437541BD-F057-406A-8DAB-DB78849BF88C}.Release|Any CPU.ActiveCfg = Release|Any CPU
		{437541BD-F057-406A-8DAB-DB78849BF88C}.Release|Any CPU.Build.0 = Release|Any CPU
		{437541BD-F057-406A-8DAB-DB78849BF88C}.Release|x64.ActiveCfg = Release|Any CPU
		{437541BD-F057-406A-8DAB-DB78849BF88C}.Release|x64.Build.0 = Release|Any CPU
		{437541BD-F057-406A-8DAB-DB78849BF88C}.Release|x86.ActiveCfg = Release|Any CPU
		{437541BD-F057-406A-8DAB-DB78849BF88C}.Release|x86.Build.0 = Release|Any CPU
		{953C64F4-B4A6-458E-8691-8C95CCA26752}.Debug|Any CPU.ActiveCfg = Debug|Any CPU
		{953C64F4-B4A6-458E-8691-8C95CCA26752}.Debug|Any CPU.Build.0 = Debug|Any CPU
		{953C64F4-B4A6-458E-8691-8C95CCA26752}.Debug|x64.ActiveCfg = Debug|Any CPU
		{953C64F4-B4A6-458E-8691-8C95CCA26752}.Debug|x64.Build.0 = Debug|Any CPU
		{953C64F4-B4A6-458E-8691-8C95CCA26752}.Debug|x86.ActiveCfg = Debug|Any CPU
		{953C64F4-B4A6-458E-8691-8C95CCA26752}.Debug|x86.Build.0 = Debug|Any CPU
		{953C64F4-B4A6-458E-8691-8C95CCA26752}.Release|Any CPU.ActiveCfg = Release|Any CPU
		{953C64F4-B4A6-458E-8691-8C95CCA26752}.Release|Any CPU.Build.0 = Release|Any CPU
		{953C64F4-B4A6-458E-8691-8C95CCA26752}.Release|x64.ActiveCfg = Release|Any CPU
		{953C64F4-B4A6-458E-8691-8C95CCA26752}.Release|x64.Build.0 = Release|Any CPU
		{953C64F4-B4A6-458E-8691-8C95CCA26752}.Release|x86.ActiveCfg = Release|Any CPU
		{953C64F4-B4A6-458E-8691-8C95CCA26752}.Release|x86.Build.0 = Release|Any CPU
	EndGlobalSection
	GlobalSection(SolutionProperties) = preSolution
		HideSolutionNode = FALSE
	EndGlobalSection
	GlobalSection(ExtensibilityGlobals) = postSolution
		SolutionGuid = {17A3FC41-4574-4C0F-A9AE-CC1CD472AE8C}
	EndGlobalSection
EndGlobal